
Microsoft Visual Studio Solution File, Format Version 12.00
# Visual Studio Version 16
VisualStudioVersion = 16.0.31410.357
MinimumVisualStudioVersion = 10.0.40219.1
Project("{FAE04EC0-301F-11D3-BF4B-00C04F79EFBC}") = "SimpleExcelToDataTable", "SimpleExcelToDataTable\SimpleExcelToDataTable.csproj", "{2A70A467-73CF-4820-A806-31683FF9A790}"
EndProject
Global
	GlobalSection(SolutionConfigurationPlatforms) = preSolution
		Debug|Any CPU = Debug|Any CPU
		Release|Any CPU = Release|Any CPU
	EndGlobalSection
	GlobalSection(ProjectConfigurationPlatforms) = postSolution
		{2A70A467-73CF-4820-A806-31683FF9A790}.Debug|Any CPU.ActiveCfg = Debug|Any CPU
		{2A70A467-73CF-4820-A806-31683FF9A790}.Debug|Any CPU.Build.0 = Debug|Any CPU
		{2A70A467-73CF-4820-A806-31683FF9A790}.Release|Any CPU.ActiveCfg = Release|Any CPU
		{2A70A467-73CF-4820-A806-31683FF9A790}.Release|Any CPU.Build.0 = Release|Any CPU
	EndGlobalSection
	GlobalSection(SolutionProperties) = preSolution
		HideSolutionNode = FALSE
	EndGlobalSection
	GlobalSection(ExtensibilityGlobals) = postSolution
		SolutionGuid = {CC437233-36C1-4A00-B543-CC644E837A08}
	EndGlobalSection
EndGlobal
